// !$*UTF8*$!
{
	archiveVersion = 1;
	classes = {
	};
	objectVersion = 46;
	objects = {

/* Begin PBXBuildFile section */
		13B07FBC1A68108700A75B9A /* AppDelegate.m in Sources */ = {isa = PBXBuildFile; fileRef = 13B07FB01A68108700A75B9A /* AppDelegate.m */; };
		13B07FBD1A68108700A75B9A /* LaunchScreen.xib in Resources */ = {isa = PBXBuildFile; fileRef = 13B07FB11A68108700A75B9A /* LaunchScreen.xib */; };
		13B07FBF1A68108700A75B9A /* Images.xcassets in Resources */ = {isa = PBXBuildFile; fileRef = 13B07FB51A68108700A75B9A /* Images.xcassets */; };
		13B07FC11A68108700A75B9A /* main.m in Sources */ = {isa = PBXBuildFile; fileRef = 13B07FB71A68108700A75B9A /* main.m */; };
		3E461D99554A48A4959DE609 /* SplashScreen.storyboard in Resources */ = {isa = PBXBuildFile; fileRef = AA286B85B6C04FC6940260E9 /* SplashScreen.storyboard */; };
		96905EF65AED1B983A6B3ABC /* libPods-TrackerApp.a in Frameworks */ = {isa = PBXBuildFile; fileRef = 58EEBF8E8E6FB1BC6CAF49B5 /* libPods-TrackerApp.a */; };
		BB2F792D24A3F905000567C9 /* Expo.plist in Resources */ = {isa = PBXBuildFile; fileRef = BB2F792C24A3F905000567C9 /* Expo.plist */; };
		520AFD9E17A14EEA9EA655A6 /* SlatePro-Bk.ttf in Resources */ = {isa = PBXBuildFile; fileRef = 12C76148E5154D91A5E4DA8A /* SlatePro-Bk.ttf */; };
		D6F269DFEC6A405A8AC63BE6 /* SlatePro-BkCondensed.ttf in Resources */ = {isa = PBXBuildFile; fileRef = C723099D1ADE430D9DC53DD2 /* SlatePro-BkCondensed.ttf */; };
		C15E660227C340048242F09A /* SlatePro-BkItalic.ttf in Resources */ = {isa = PBXBuildFile; fileRef = 0C27CC457E574417BDF30FF4 /* SlatePro-BkItalic.ttf */; };
		CA5D4F93346F44C5B9910344 /* SlatePro-Black.ttf in Resources */ = {isa = PBXBuildFile; fileRef = C7442BAD9CDD4973BAD81503 /* SlatePro-Black.ttf */; };
		32B74F4D78C94E7B96A26731 /* SlatePro-BlackCondensed.ttf in Resources */ = {isa = PBXBuildFile; fileRef = AAB91B74227A42E4B5F8A0C6 /* SlatePro-BlackCondensed.ttf */; };
		F5D238AED6D34E3F92A6A2F1 /* SlatePro-BlackItalic.ttf in Resources */ = {isa = PBXBuildFile; fileRef = EAF0D46A75384BA38E5D1946 /* SlatePro-BlackItalic.ttf */; };
		989C059EEFEF427C8B4152C6 /* SlatePro-Bold.ttf in Resources */ = {isa = PBXBuildFile; fileRef = 3D3E8C7E0DA14636981EEA57 /* SlatePro-Bold.ttf */; };
		79B47E80EB4E40EFB025D99C /* SlatePro-BoldCondensed.ttf in Resources */ = {isa = PBXBuildFile; fileRef = BBC5703A8487408796BC4041 /* SlatePro-BoldCondensed.ttf */; };
		B9A3D5FD21C64FAE9E02775A /* SlatePro-BoldItalic.ttf in Resources */ = {isa = PBXBuildFile; fileRef = 72127FB8C6C846C8B6636A95 /* SlatePro-BoldItalic.ttf */; };
		3FD4824384854C1DA2CBD6B7 /* SlatePro-Condensed.ttf in Resources */ = {isa = PBXBuildFile; fileRef = BD6AB714F5E24B97817D0CA8 /* SlatePro-Condensed.ttf */; };
		70168046696349D5ABE13625 /* SlatePro-Italic.ttf in Resources */ = {isa = PBXBuildFile; fileRef = D79960EDBBA24366B34E94BC /* SlatePro-Italic.ttf */; };
		89938A6C9A1C4315A3D36A18 /* SlatePro-Light.ttf in Resources */ = {isa = PBXBuildFile; fileRef = 5C545CB5D1C740EDAF6DE9B6 /* SlatePro-Light.ttf */; };
		4704781F06A64BB1A121C554 /* SlatePro-LightCondensed.ttf in Resources */ = {isa = PBXBuildFile; fileRef = 88CDF918797F44C7AF88A4F2 /* SlatePro-LightCondensed.ttf */; };
		2FF673B60A404C869927D4D6 /* SlatePro-LightItalic.ttf in Resources */ = {isa = PBXBuildFile; fileRef = 702B6B9A9B3248C88FC2761A /* SlatePro-LightItalic.ttf */; };
		7D3706E704F14309BA990949 /* SlatePro-Medium.ttf in Resources */ = {isa = PBXBuildFile; fileRef = 03148A82DAFA4672ACB6EF39 /* SlatePro-Medium.ttf */; };
		AC1205EE30DF439596A51204 /* SlatePro-MediumCondensed.ttf in Resources */ = {isa = PBXBuildFile; fileRef = F8B55DAC2F3C49FE9D946971 /* SlatePro-MediumCondensed.ttf */; };
		218F8C9FECFF46C78A986664 /* SlatePro-MediumItalic.ttf in Resources */ = {isa = PBXBuildFile; fileRef = A607AAC832404F8F98EE730B /* SlatePro-MediumItalic.ttf */; };
		D3CEA113F88C492AA7F53AE1 /* SlatePro.ttf in Resources */ = {isa = PBXBuildFile; fileRef = 60FF04A3A1AA428C8AF307B5 /* SlatePro.ttf */; };
/* End PBXBuildFile section */

/* Begin PBXFileReference section */
		008F07F21AC5B25A0029DE68 /* main.jsbundle */ = {isa = PBXFileReference; fileEncoding = 4; lastKnownFileType = text; path = main.jsbundle; sourceTree = "<group>"; };
		13B07F961A680F5B00A75B9A /* TrackerApp.app */ = {isa = PBXFileReference; explicitFileType = wrapper.application; includeInIndex = 0; path = TrackerApp.app; sourceTree = BUILT_PRODUCTS_DIR; };
		13B07FAF1A68108700A75B9A /* AppDelegate.h */ = {isa = PBXFileReference; fileEncoding = 4; lastKnownFileType = sourcecode.c.h; name = AppDelegate.h; path = TrackerApp/AppDelegate.h; sourceTree = "<group>"; };
		13B07FB01A68108700A75B9A /* AppDelegate.m */ = {isa = PBXFileReference; fileEncoding = 4; lastKnownFileType = sourcecode.c.objc; name = AppDelegate.m; path = TrackerApp/AppDelegate.m; sourceTree = "<group>"; };
		13B07FB21A68108700A75B9A /* Base */ = {isa = PBXFileReference; lastKnownFileType = file.xib; name = Base; path = Base.lproj/LaunchScreen.xib; sourceTree = "<group>"; };
		13B07FB51A68108700A75B9A /* Images.xcassets */ = {isa = PBXFileReference; lastKnownFileType = folder.assetcatalog; name = Images.xcassets; path = TrackerApp/Images.xcassets; sourceTree = "<group>"; };
		13B07FB61A68108700A75B9A /* Info.plist */ = {isa = PBXFileReference; fileEncoding = 4; lastKnownFileType = text.plist.xml; name = Info.plist; path = TrackerApp/Info.plist; sourceTree = "<group>"; };
		13B07FB71A68108700A75B9A /* main.m */ = {isa = PBXFileReference; fileEncoding = 4; lastKnownFileType = sourcecode.c.objc; name = main.m; path = TrackerApp/main.m; sourceTree = "<group>"; };
		58EEBF8E8E6FB1BC6CAF49B5 /* libPods-TrackerApp.a */ = {isa = PBXFileReference; explicitFileType = archive.ar; includeInIndex = 0; path = "libPods-TrackerApp.a"; sourceTree = BUILT_PRODUCTS_DIR; };
		6C2E3173556A471DD304B334 /* Pods-TrackerApp.debug.xcconfig */ = {isa = PBXFileReference; includeInIndex = 1; lastKnownFileType = text.xcconfig; name = "Pods-TrackerApp.debug.xcconfig"; path = "Target Support Files/Pods-TrackerApp/Pods-TrackerApp.debug.xcconfig"; sourceTree = "<group>"; };
		7A4D352CD337FB3A3BF06240 /* Pods-TrackerApp.release.xcconfig */ = {isa = PBXFileReference; includeInIndex = 1; lastKnownFileType = text.xcconfig; name = "Pods-TrackerApp.release.xcconfig"; path = "Target Support Files/Pods-TrackerApp/Pods-TrackerApp.release.xcconfig"; sourceTree = "<group>"; };
		AA286B85B6C04FC6940260E9 /* SplashScreen.storyboard */ = {isa = PBXFileReference; fileEncoding = 4; lastKnownFileType = file.storyboard; name = SplashScreen.storyboard; path = TrackerApp/SplashScreen.storyboard; sourceTree = "<group>"; };
		BB2F792C24A3F905000567C9 /* Expo.plist */ = {isa = PBXFileReference; fileEncoding = 4; lastKnownFileType = text.plist.xml; path = Expo.plist; sourceTree = "<group>"; };
		ED297162215061F000B7C4FE /* JavaScriptCore.framework */ = {isa = PBXFileReference; lastKnownFileType = wrapper.framework; name = JavaScriptCore.framework; path = System/Library/Frameworks/JavaScriptCore.framework; sourceTree = SDKROOT; };
		ED2971642150620600B7C4FE /* JavaScriptCore.framework */ = {isa = PBXFileReference; lastKnownFileType = wrapper.framework; name = JavaScriptCore.framework; path = Platforms/AppleTVOS.platform/Developer/SDKs/AppleTVOS12.0.sdk/System/Library/Frameworks/JavaScriptCore.framework; sourceTree = DEVELOPER_DIR; };
		12C76148E5154D91A5E4DA8A /* SlatePro-Bk.ttf */ = {isa = PBXFileReference; name = "SlatePro-Bk.ttf"; path = "../src/assets/fonts/SlatePro-Bk.ttf"; sourceTree = "<group>"; fileEncoding = undefined; lastKnownFileType = unknown; explicitFileType = undefined; includeInIndex = 0; };
		C723099D1ADE430D9DC53DD2 /* SlatePro-BkCondensed.ttf */ = {isa = PBXFileReference; name = "SlatePro-BkCondensed.ttf"; path = "../src/assets/fonts/SlatePro-BkCondensed.ttf"; sourceTree = "<group>"; fileEncoding = undefined; lastKnownFileType = unknown; explicitFileType = undefined; includeInIndex = 0; };
		0C27CC457E574417BDF30FF4 /* SlatePro-BkItalic.ttf */ = {isa = PBXFileReference; name = "SlatePro-BkItalic.ttf"; path = "../src/assets/fonts/SlatePro-BkItalic.ttf"; sourceTree = "<group>"; fileEncoding = undefined; lastKnownFileType = unknown; explicitFileType = undefined; includeInIndex = 0; };
		C7442BAD9CDD4973BAD81503 /* SlatePro-Black.ttf */ = {isa = PBXFileReference; name = "SlatePro-Black.ttf"; path = "../src/assets/fonts/SlatePro-Black.ttf"; sourceTree = "<group>"; fileEncoding = undefined; lastKnownFileType = unknown; explicitFileType = undefined; includeInIndex = 0; };
		AAB91B74227A42E4B5F8A0C6 /* SlatePro-BlackCondensed.ttf */ = {isa = PBXFileReference; name = "SlatePro-BlackCondensed.ttf"; path = "../src/assets/fonts/SlatePro-BlackCondensed.ttf"; sourceTree = "<group>"; fileEncoding = undefined; lastKnownFileType = unknown; explicitFileType = undefined; includeInIndex = 0; };
		EAF0D46A75384BA38E5D1946 /* SlatePro-BlackItalic.ttf */ = {isa = PBXFileReference; name = "SlatePro-BlackItalic.ttf"; path = "../src/assets/fonts/SlatePro-BlackItalic.ttf"; sourceTree = "<group>"; fileEncoding = undefined; lastKnownFileType = unknown; explicitFileType = undefined; includeInIndex = 0; };
		3D3E8C7E0DA14636981EEA57 /* SlatePro-Bold.ttf */ = {isa = PBXFileReference; name = "SlatePro-Bold.ttf"; path = "../src/assets/fonts/SlatePro-Bold.ttf"; sourceTree = "<group>"; fileEncoding = undefined; lastKnownFileType = unknown; explicitFileType = undefined; includeInIndex = 0; };
		BBC5703A8487408796BC4041 /* SlatePro-BoldCondensed.ttf */ = {isa = PBXFileReference; name = "SlatePro-BoldCondensed.ttf"; path = "../src/assets/fonts/SlatePro-BoldCondensed.ttf"; sourceTree = "<group>"; fileEncoding = undefined; lastKnownFileType = unknown; explicitFileType = undefined; includeInIndex = 0; };
		72127FB8C6C846C8B6636A95 /* SlatePro-BoldItalic.ttf */ = {isa = PBXFileReference; name = "SlatePro-BoldItalic.ttf"; path = "../src/assets/fonts/SlatePro-BoldItalic.ttf"; sourceTree = "<group>"; fileEncoding = undefined; lastKnownFileType = unknown; explicitFileType = undefined; includeInIndex = 0; };
		BD6AB714F5E24B97817D0CA8 /* SlatePro-Condensed.ttf */ = {isa = PBXFileReference; name = "SlatePro-Condensed.ttf"; path = "../src/assets/fonts/SlatePro-Condensed.ttf"; sourceTree = "<group>"; fileEncoding = undefined; lastKnownFileType = unknown; explicitFileType = undefined; includeInIndex = 0; };
		D79960EDBBA24366B34E94BC /* SlatePro-Italic.ttf */ = {isa = PBXFileReference; name = "SlatePro-Italic.ttf"; path = "../src/assets/fonts/SlatePro-Italic.ttf"; sourceTree = "<group>"; fileEncoding = undefined; lastKnownFileType = unknown; explicitFileType = undefined; includeInIndex = 0; };
		5C545CB5D1C740EDAF6DE9B6 /* SlatePro-Light.ttf */ = {isa = PBXFileReference; name = "SlatePro-Light.ttf"; path = "../src/assets/fonts/SlatePro-Light.ttf"; sourceTree = "<group>"; fileEncoding = undefined; lastKnownFileType = unknown; explicitFileType = undefined; includeInIndex = 0; };
		88CDF918797F44C7AF88A4F2 /* SlatePro-LightCondensed.ttf */ = {isa = PBXFileReference; name = "SlatePro-LightCondensed.ttf"; path = "../src/assets/fonts/SlatePro-LightCondensed.ttf"; sourceTree = "<group>"; fileEncoding = undefined; lastKnownFileType = unknown; explicitFileType = undefined; includeInIndex = 0; };
		702B6B9A9B3248C88FC2761A /* SlatePro-LightItalic.ttf */ = {isa = PBXFileReference; name = "SlatePro-LightItalic.ttf"; path = "../src/assets/fonts/SlatePro-LightItalic.ttf"; sourceTree = "<group>"; fileEncoding = undefined; lastKnownFileType = unknown; explicitFileType = undefined; includeInIndex = 0; };
		03148A82DAFA4672ACB6EF39 /* SlatePro-Medium.ttf */ = {isa = PBXFileReference; name = "SlatePro-Medium.ttf"; path = "../src/assets/fonts/SlatePro-Medium.ttf"; sourceTree = "<group>"; fileEncoding = undefined; lastKnownFileType = unknown; explicitFileType = undefined; includeInIndex = 0; };
		F8B55DAC2F3C49FE9D946971 /* SlatePro-MediumCondensed.ttf */ = {isa = PBXFileReference; name = "SlatePro-MediumCondensed.ttf"; path = "../src/assets/fonts/SlatePro-MediumCondensed.ttf"; sourceTree = "<group>"; fileEncoding = undefined; lastKnownFileType = unknown; explicitFileType = undefined; includeInIndex = 0; };
		A607AAC832404F8F98EE730B /* SlatePro-MediumItalic.ttf */ = {isa = PBXFileReference; name = "SlatePro-MediumItalic.ttf"; path = "../src/assets/fonts/SlatePro-MediumItalic.ttf"; sourceTree = "<group>"; fileEncoding = undefined; lastKnownFileType = unknown; explicitFileType = undefined; includeInIndex = 0; };
		60FF04A3A1AA428C8AF307B5 /* SlatePro.ttf */ = {isa = PBXFileReference; name = "SlatePro.ttf"; path = "../src/assets/fonts/SlatePro.ttf"; sourceTree = "<group>"; fileEncoding = undefined; lastKnownFileType = unknown; explicitFileType = undefined; includeInIndex = 0; };
/* End PBXFileReference section */

/* Begin PBXFrameworksBuildPhase section */
		13B07F8C1A680F5B00A75B9A /* Frameworks */ = {
			isa = PBXFrameworksBuildPhase;
			buildActionMask = 2147483647;
			files = (
				96905EF65AED1B983A6B3ABC /* libPods-TrackerApp.a in Frameworks */,
			);
			runOnlyForDeploymentPostprocessing = 0;
		};
/* End PBXFrameworksBuildPhase section */

/* Begin PBXGroup section */
		13B07FAE1A68108700A75B9A /* TrackerApp */ = {
			isa = PBXGroup;
			children = (
				BB2F792B24A3F905000567C9 /* Supporting */,
				008F07F21AC5B25A0029DE68 /* main.jsbundle */,
				13B07FAF1A68108700A75B9A /* AppDelegate.h */,
				13B07FB01A68108700A75B9A /* AppDelegate.m */,
				13B07FB51A68108700A75B9A /* Images.xcassets */,
				13B07FB61A68108700A75B9A /* Info.plist */,
				13B07FB11A68108700A75B9A /* LaunchScreen.xib */,
				13B07FB71A68108700A75B9A /* main.m */,
				AA286B85B6C04FC6940260E9 /* SplashScreen.storyboard */,
			);
			name = TrackerApp;
			sourceTree = "<group>";
		};
		2D16E6871FA4F8E400B85C8A /* Frameworks */ = {
			isa = PBXGroup;
			children = (
				ED297162215061F000B7C4FE /* JavaScriptCore.framework */,
				ED2971642150620600B7C4FE /* JavaScriptCore.framework */,
				58EEBF8E8E6FB1BC6CAF49B5 /* libPods-TrackerApp.a */,
			);
			name = Frameworks;
			sourceTree = "<group>";
		};
		832341AE1AAA6A7D00B99B32 /* Libraries */ = {
			isa = PBXGroup;
			children = (
			);
			name = Libraries;
			sourceTree = "<group>";
		};
		83CBB9F61A601CBA00E9B192 = {
			isa = PBXGroup;
			children = (
				13B07FAE1A68108700A75B9A /* TrackerApp */,
				832341AE1AAA6A7D00B99B32 /* Libraries */,
				83CBBA001A601CBA00E9B192 /* Products */,
				2D16E6871FA4F8E400B85C8A /* Frameworks */,
				D65327D7A22EEC0BE12398D9 /* Pods */,
				81ADB1D47D714FEABBBF2A9A /* Resources */,
			);
			indentWidth = 2;
			sourceTree = "<group>";
			tabWidth = 2;
			usesTabs = 0;
		};
		83CBBA001A601CBA00E9B192 /* Products */ = {
			isa = PBXGroup;
			children = (
				13B07F961A680F5B00A75B9A /* TrackerApp.app */,
			);
			name = Products;
			sourceTree = "<group>";
		};
		BB2F792B24A3F905000567C9 /* Supporting */ = {
			isa = PBXGroup;
			children = (
				BB2F792C24A3F905000567C9 /* Expo.plist */,
			);
			name = Supporting;
			path = TrackerApp/Supporting;
			sourceTree = "<group>";
		};
		D65327D7A22EEC0BE12398D9 /* Pods */ = {
			isa = PBXGroup;
			children = (
				6C2E3173556A471DD304B334 /* Pods-TrackerApp.debug.xcconfig */,
				7A4D352CD337FB3A3BF06240 /* Pods-TrackerApp.release.xcconfig */,
			);
			path = Pods;
			sourceTree = "<group>";
		};
		81ADB1D47D714FEABBBF2A9A /* Resources */ = {
			isa = "PBXGroup";
			children = (
				12C76148E5154D91A5E4DA8A /* SlatePro-Bk.ttf */,
				C723099D1ADE430D9DC53DD2 /* SlatePro-BkCondensed.ttf */,
				0C27CC457E574417BDF30FF4 /* SlatePro-BkItalic.ttf */,
				C7442BAD9CDD4973BAD81503 /* SlatePro-Black.ttf */,
				AAB91B74227A42E4B5F8A0C6 /* SlatePro-BlackCondensed.ttf */,
				EAF0D46A75384BA38E5D1946 /* SlatePro-BlackItalic.ttf */,
				3D3E8C7E0DA14636981EEA57 /* SlatePro-Bold.ttf */,
				BBC5703A8487408796BC4041 /* SlatePro-BoldCondensed.ttf */,
				72127FB8C6C846C8B6636A95 /* SlatePro-BoldItalic.ttf */,
				BD6AB714F5E24B97817D0CA8 /* SlatePro-Condensed.ttf */,
				D79960EDBBA24366B34E94BC /* SlatePro-Italic.ttf */,
				5C545CB5D1C740EDAF6DE9B6 /* SlatePro-Light.ttf */,
				88CDF918797F44C7AF88A4F2 /* SlatePro-LightCondensed.ttf */,
				702B6B9A9B3248C88FC2761A /* SlatePro-LightItalic.ttf */,
				03148A82DAFA4672ACB6EF39 /* SlatePro-Medium.ttf */,
				F8B55DAC2F3C49FE9D946971 /* SlatePro-MediumCondensed.ttf */,
				A607AAC832404F8F98EE730B /* SlatePro-MediumItalic.ttf */,
				60FF04A3A1AA428C8AF307B5 /* SlatePro.ttf */,
			);
			name = Resources;
			sourceTree = "<group>";
			path = "";
		};
/* End PBXGroup section */

/* Begin PBXNativeTarget section */
		13B07F861A680F5B00A75B9A /* TrackerApp */ = {
			isa = PBXNativeTarget;
			buildConfigurationList = 13B07F931A680F5B00A75B9A /* Build configuration list for PBXNativeTarget "TrackerApp" */;
			buildPhases = (
				08A4A3CD28434E44B6B9DE2E /* [CP] Check Pods Manifest.lock */,
				FD10A7F022414F080027D42C /* Start Packager */,
				13B07F871A680F5B00A75B9A /* Sources */,
				13B07F8C1A680F5B00A75B9A /* Frameworks */,
				13B07F8E1A680F5B00A75B9A /* Resources */,
				00DD1BFF1BD5951E006B06BC /* Bundle React Native code and images */,
				800E24972A6A228C8D4807E9 /* [CP] Copy Pods Resources */,
			);
			buildRules = (
			);
			dependencies = (
			);
			name = TrackerApp;
			productName = TrackerApp;
			productReference = 13B07F961A680F5B00A75B9A /* TrackerApp.app */;
			productType = "com.apple.product-type.application";
		};
/* End PBXNativeTarget section */

/* Begin PBXProject section */
		83CBB9F71A601CBA00E9B192 /* Project object */ = {
			isa = PBXProject;
			attributes = {
				LastUpgradeCheck = 1130;
				TargetAttributes = {
					13B07F861A680F5B00A75B9A = {
						LastSwiftMigration = 1120;
					};
				};
			};
			buildConfigurationList = 83CBB9FA1A601CBA00E9B192 /* Build configuration list for PBXProject "TrackerApp" */;
			compatibilityVersion = "Xcode 3.2";
			developmentRegion = en;
			hasScannedForEncodings = 0;
			knownRegions = (
				en,
				Base,
			);
			mainGroup = 83CBB9F61A601CBA00E9B192;
			productRefGroup = 83CBBA001A601CBA00E9B192 /* Products */;
			projectDirPath = "";
			projectRoot = "";
			targets = (
				13B07F861A680F5B00A75B9A /* TrackerApp */,
			);
		};
/* End PBXProject section */

/* Begin PBXResourcesBuildPhase section */
		13B07F8E1A680F5B00A75B9A /* Resources */ = {
			isa = PBXResourcesBuildPhase;
			buildActionMask = 2147483647;
			files = (
				BB2F792D24A3F905000567C9 /* Expo.plist in Resources */,
				13B07FBF1A68108700A75B9A /* Images.xcassets in Resources */,
				13B07FBD1A68108700A75B9A /* LaunchScreen.xib in Resources */,
				3E461D99554A48A4959DE609 /* SplashScreen.storyboard in Resources */,
				520AFD9E17A14EEA9EA655A6 /* SlatePro-Bk.ttf in Resources */,
				D6F269DFEC6A405A8AC63BE6 /* SlatePro-BkCondensed.ttf in Resources */,
				C15E660227C340048242F09A /* SlatePro-BkItalic.ttf in Resources */,
				CA5D4F93346F44C5B9910344 /* SlatePro-Black.ttf in Resources */,
				32B74F4D78C94E7B96A26731 /* SlatePro-BlackCondensed.ttf in Resources */,
				F5D238AED6D34E3F92A6A2F1 /* SlatePro-BlackItalic.ttf in Resources */,
				989C059EEFEF427C8B4152C6 /* SlatePro-Bold.ttf in Resources */,
				79B47E80EB4E40EFB025D99C /* SlatePro-BoldCondensed.ttf in Resources */,
				B9A3D5FD21C64FAE9E02775A /* SlatePro-BoldItalic.ttf in Resources */,
				3FD4824384854C1DA2CBD6B7 /* SlatePro-Condensed.ttf in Resources */,
				70168046696349D5ABE13625 /* SlatePro-Italic.ttf in Resources */,
				89938A6C9A1C4315A3D36A18 /* SlatePro-Light.ttf in Resources */,
				4704781F06A64BB1A121C554 /* SlatePro-LightCondensed.ttf in Resources */,
				2FF673B60A404C869927D4D6 /* SlatePro-LightItalic.ttf in Resources */,
				7D3706E704F14309BA990949 /* SlatePro-Medium.ttf in Resources */,
				AC1205EE30DF439596A51204 /* SlatePro-MediumCondensed.ttf in Resources */,
				218F8C9FECFF46C78A986664 /* SlatePro-MediumItalic.ttf in Resources */,
				D3CEA113F88C492AA7F53AE1 /* SlatePro.ttf in Resources */,
			);
			runOnlyForDeploymentPostprocessing = 0;
		};
/* End PBXResourcesBuildPhase section */

/* Begin PBXShellScriptBuildPhase section */
		00DD1BFF1BD5951E006B06BC /* Bundle React Native code and images */ = {
			isa = PBXShellScriptBuildPhase;
			buildActionMask = 2147483647;
			files = (
			);
			inputPaths = (
			);
			name = "Bundle React Native code and images";
			outputPaths = (
			);
			runOnlyForDeploymentPostprocessing = 0;
			shellPath = /bin/sh;
			shellScript = "export NODE_BINARY=node\n../node_modules/react-native/scripts/react-native-xcode.sh\n../node_modules/expo-constants/scripts/get-app-config-ios.sh\n../node_modules/expo-updates/scripts/create-manifest-ios.sh\n";
		};
		08A4A3CD28434E44B6B9DE2E /* [CP] Check Pods Manifest.lock */ = {
			isa = PBXShellScriptBuildPhase;
			buildActionMask = 2147483647;
			files = (
			);
			inputFileListPaths = (
			);
			inputPaths = (
				"${PODS_PODFILE_DIR_PATH}/Podfile.lock",
				"${PODS_ROOT}/Manifest.lock",
			);
			name = "[CP] Check Pods Manifest.lock";
			outputFileListPaths = (
			);
			outputPaths = (
				"$(DERIVED_FILE_DIR)/Pods-TrackerApp-checkManifestLockResult.txt",
			);
			runOnlyForDeploymentPostprocessing = 0;
			shellPath = /bin/sh;
			shellScript = "diff \"${PODS_PODFILE_DIR_PATH}/Podfile.lock\" \"${PODS_ROOT}/Manifest.lock\" > /dev/null\nif [ $? != 0 ] ; then\n    # print error to STDERR\n    echo \"error: The sandbox is not in sync with the Podfile.lock. Run 'pod install' or update your CocoaPods installation.\" >&2\n    exit 1\nfi\n# This output is used by Xcode 'outputs' to avoid re-running this script phase.\necho \"SUCCESS\" > \"${SCRIPT_OUTPUT_FILE_0}\"\n";
			showEnvVarsInLog = 0;
		};
		800E24972A6A228C8D4807E9 /* [CP] Copy Pods Resources */ = {
			isa = PBXShellScriptBuildPhase;
			buildActionMask = 2147483647;
			files = (
			);
			inputPaths = (
				"${PODS_ROOT}/Target Support Files/Pods-TrackerApp/Pods-TrackerApp-resources.sh",
				"${PODS_CONFIGURATION_BUILD_DIR}/React-Core/AccessibilityResources.bundle",
			);
			name = "[CP] Copy Pods Resources";
			outputPaths = (
				"${TARGET_BUILD_DIR}/${UNLOCALIZED_RESOURCES_FOLDER_PATH}/AccessibilityResources.bundle",
			);
			runOnlyForDeploymentPostprocessing = 0;
			shellPath = /bin/sh;
			shellScript = "\"${PODS_ROOT}/Target Support Files/Pods-TrackerApp/Pods-TrackerApp-resources.sh\"\n";
			showEnvVarsInLog = 0;
		};
		FD10A7F022414F080027D42C /* Start Packager */ = {
			isa = PBXShellScriptBuildPhase;
			buildActionMask = 2147483647;
			files = (
			);
			inputFileListPaths = (
			);
			inputPaths = (
			);
			name = "Start Packager";
			outputFileListPaths = (
			);
			outputPaths = (
			);
			runOnlyForDeploymentPostprocessing = 0;
			shellPath = /bin/sh;
			shellScript = "export RCT_METRO_PORT=\"${RCT_METRO_PORT:=8081}\"\necho \"export RCT_METRO_PORT=${RCT_METRO_PORT}\" > \"${SRCROOT}/../node_modules/react-native/scripts/.packager.env\"\nif [ -z \"${RCT_NO_LAUNCH_PACKAGER+xxx}\" ] ; then\n  if nc -w 5 -z localhost ${RCT_METRO_PORT} ; then\n    if ! curl -s \"http://localhost:${RCT_METRO_PORT}/status\" | grep -q \"packager-status:running\" ; then\n      echo \"Port ${RCT_METRO_PORT} already in use, packager is either not running or not running correctly\"\n      exit 2\n    fi\n  else\n    open \"$SRCROOT/../node_modules/react-native/scripts/launchPackager.command\" || echo \"Can't start packager automatically\"\n  fi\nfi\n";
			showEnvVarsInLog = 0;
		};
/* End PBXShellScriptBuildPhase section */

/* Begin PBXSourcesBuildPhase section */
		13B07F871A680F5B00A75B9A /* Sources */ = {
			isa = PBXSourcesBuildPhase;
			buildActionMask = 2147483647;
			files = (
				13B07FBC1A68108700A75B9A /* AppDelegate.m in Sources */,
				13B07FC11A68108700A75B9A /* main.m in Sources */,
			);
			runOnlyForDeploymentPostprocessing = 0;
		};
/* End PBXSourcesBuildPhase section */

/* Begin PBXVariantGroup section */
		13B07FB11A68108700A75B9A /* LaunchScreen.xib */ = {
			isa = PBXVariantGroup;
			children = (
				13B07FB21A68108700A75B9A /* Base */,
			);
			name = LaunchScreen.xib;
			path = TrackerApp;
			sourceTree = "<group>";
		};
/* End PBXVariantGroup section */

/* Begin XCBuildConfiguration section */
		13B07F941A680F5B00A75B9A /* Debug */ = {
			isa = XCBuildConfiguration;
			baseConfigurationReference = 6C2E3173556A471DD304B334 /* Pods-TrackerApp.debug.xcconfig */;
			buildSettings = {
				ASSETCATALOG_COMPILER_APPICON_NAME = AppIcon;
				CLANG_ENABLE_MODULES = YES;
				CURRENT_PROJECT_VERSION = 1;
				ENABLE_BITCODE = NO;
				GCC_PREPROCESSOR_DEFINITIONS = (
					"$(inherited)",
					"FB_SONARKIT_ENABLED=1",
				);
				INFOPLIST_FILE = TrackerApp/Info.plist;
				IPHONEOS_DEPLOYMENT_TARGET = 11.0;
				LD_RUNPATH_SEARCH_PATHS = "$(inherited) @executable_path/Frameworks";
				OTHER_LDFLAGS = (
					"$(inherited)",
					"-ObjC",
					"-lc++",
				);
				PRODUCT_BUNDLE_IDENTIFIER = org.name.TrackerApp;
				PRODUCT_NAME = TrackerApp;
				SWIFT_OPTIMIZATION_LEVEL = "-Onone";
				SWIFT_VERSION = 5.0;
				VERSIONING_SYSTEM = "apple-generic";
			};
			name = Debug;
		};
		13B07F951A680F5B00A75B9A /* Release */ = {
			isa = XCBuildConfiguration;
			baseConfigurationReference = 7A4D352CD337FB3A3BF06240 /* Pods-TrackerApp.release.xcconfig */;
			buildSettings = {
				ASSETCATALOG_COMPILER_APPICON_NAME = AppIcon;
				CLANG_ENABLE_MODULES = YES;
				CURRENT_PROJECT_VERSION = 1;
				INFOPLIST_FILE = TrackerApp/Info.plist;
				IPHONEOS_DEPLOYMENT_TARGET = 11.0;
				LD_RUNPATH_SEARCH_PATHS = "$(inherited) @executable_path/Frameworks";
				OTHER_LDFLAGS = (
					"$(inherited)",
					"-ObjC",
					"-lc++",
				);
				PRODUCT_BUNDLE_IDENTIFIER = org.name.TrackerApp;
				PRODUCT_NAME = TrackerApp;
				SWIFT_VERSION = 5.0;
				VERSIONING_SYSTEM = "apple-generic";
			};
			name = Release;
		};
		83CBBA201A601CBA00E9B192 /* Debug */ = {
			isa = XCBuildConfiguration;
			buildSettings = {
				ALWAYS_SEARCH_USER_PATHS = NO;
				CLANG_ANALYZER_LOCALIZABILITY_NONLOCALIZED = YES;
				CLANG_CXX_LANGUAGE_STANDARD = "gnu++0x";
				CLANG_CXX_LIBRARY = "libc++";
				CLANG_ENABLE_MODULES = YES;
				CLANG_ENABLE_OBJC_ARC = YES;
				CLANG_WARN_BLOCK_CAPTURE_AUTORELEASING = YES;
				CLANG_WARN_BOOL_CONVERSION = YES;
				CLANG_WARN_COMMA = YES;
				CLANG_WARN_CONSTANT_CONVERSION = YES;
				CLANG_WARN_DEPRECATED_OBJC_IMPLEMENTATIONS = YES;
				CLANG_WARN_DIRECT_OBJC_ISA_USAGE = YES_ERROR;
				CLANG_WARN_EMPTY_BODY = YES;
				CLANG_WARN_ENUM_CONVERSION = YES;
				CLANG_WARN_INFINITE_RECURSION = YES;
				CLANG_WARN_INT_CONVERSION = YES;
				CLANG_WARN_NON_LITERAL_NULL_CONVERSION = YES;
				CLANG_WARN_OBJC_IMPLICIT_RETAIN_SELF = YES;
				CLANG_WARN_OBJC_LITERAL_CONVERSION = YES;
				CLANG_WARN_OBJC_ROOT_CLASS = YES_ERROR;
				CLANG_WARN_RANGE_LOOP_ANALYSIS = YES;
				CLANG_WARN_STRICT_PROTOTYPES = YES;
				CLANG_WARN_SUSPICIOUS_MOVE = YES;
				CLANG_WARN_UNREACHABLE_CODE = YES;
				CLANG_WARN__DUPLICATE_METHOD_MATCH = YES;
				"CODE_SIGN_IDENTITY[sdk=iphoneos*]" = "iPhone Developer";
				COPY_PHASE_STRIP = NO;
				ENABLE_STRICT_OBJC_MSGSEND = YES;
				ENABLE_TESTABILITY = YES;
				GCC_C_LANGUAGE_STANDARD = gnu99;
				GCC_DYNAMIC_NO_PIC = NO;
				GCC_NO_COMMON_BLOCKS = YES;
				GCC_OPTIMIZATION_LEVEL = 0;
				GCC_PREPROCESSOR_DEFINITIONS = (
					"DEBUG=1",
					"$(inherited)",
				);
				GCC_SYMBOLS_PRIVATE_EXTERN = NO;
				GCC_WARN_64_TO_32_BIT_CONVERSION = YES;
				GCC_WARN_ABOUT_RETURN_TYPE = YES_ERROR;
				GCC_WARN_UNDECLARED_SELECTOR = YES;
				GCC_WARN_UNINITIALIZED_AUTOS = YES_AGGRESSIVE;
				GCC_WARN_UNUSED_FUNCTION = YES;
				GCC_WARN_UNUSED_VARIABLE = YES;
				IPHONEOS_DEPLOYMENT_TARGET = 11.0;
				LD_RUNPATH_SEARCH_PATHS = "/usr/lib/swift $(inherited)";
				LIBRARY_SEARCH_PATHS = (
					"\"$(inherited)\"",
				);
				MTL_ENABLE_DEBUG_INFO = YES;
				ONLY_ACTIVE_ARCH = YES;
				SDKROOT = iphoneos;
			};
			name = Debug;
		};
		83CBBA211A601CBA00E9B192 /* Release */ = {
			isa = XCBuildConfiguration;
			buildSettings = {
				ALWAYS_SEARCH_USER_PATHS = NO;
				CLANG_ANALYZER_LOCALIZABILITY_NONLOCALIZED = YES;
				CLANG_CXX_LANGUAGE_STANDARD = "gnu++0x";
				CLANG_CXX_LIBRARY = "libc++";
				CLANG_ENABLE_MODULES = YES;
				CLANG_ENABLE_OBJC_ARC = YES;
				CLANG_WARN_BLOCK_CAPTURE_AUTORELEASING = YES;
				CLANG_WARN_BOOL_CONVERSION = YES;
				CLANG_WARN_COMMA = YES;
				CLANG_WARN_CONSTANT_CONVERSION = YES;
				CLANG_WARN_DEPRECATED_OBJC_IMPLEMENTATIONS = YES;
				CLANG_WARN_DIRECT_OBJC_ISA_USAGE = YES_ERROR;
				CLANG_WARN_EMPTY_BODY = YES;
				CLANG_WARN_ENUM_CONVERSION = YES;
				CLANG_WARN_INFINITE_RECURSION = YES;
				CLANG_WARN_INT_CONVERSION = YES;
				CLANG_WARN_NON_LITERAL_NULL_CONVERSION = YES;
				CLANG_WARN_OBJC_IMPLICIT_RETAIN_SELF = YES;
				CLANG_WARN_OBJC_LITERAL_CONVERSION = YES;
				CLANG_WARN_OBJC_ROOT_CLASS = YES_ERROR;
				CLANG_WARN_RANGE_LOOP_ANALYSIS = YES;
				CLANG_WARN_STRICT_PROTOTYPES = YES;
				CLANG_WARN_SUSPICIOUS_MOVE = YES;
				CLANG_WARN_UNREACHABLE_CODE = YES;
				CLANG_WARN__DUPLICATE_METHOD_MATCH = YES;
				"CODE_SIGN_IDENTITY[sdk=iphoneos*]" = "iPhone Developer";
				COPY_PHASE_STRIP = YES;
				ENABLE_NS_ASSERTIONS = NO;
				ENABLE_STRICT_OBJC_MSGSEND = YES;
				GCC_C_LANGUAGE_STANDARD = gnu99;
				GCC_NO_COMMON_BLOCKS = YES;
				GCC_WARN_64_TO_32_BIT_CONVERSION = YES;
				GCC_WARN_ABOUT_RETURN_TYPE = YES_ERROR;
				GCC_WARN_UNDECLARED_SELECTOR = YES;
				GCC_WARN_UNINITIALIZED_AUTOS = YES_AGGRESSIVE;
				GCC_WARN_UNUSED_FUNCTION = YES;
				GCC_WARN_UNUSED_VARIABLE = YES;
				IPHONEOS_DEPLOYMENT_TARGET = 11.0;
				LD_RUNPATH_SEARCH_PATHS = "/usr/lib/swift $(inherited)";
				LIBRARY_SEARCH_PATHS = (
					"\"$(inherited)\"",
				);
				MTL_ENABLE_DEBUG_INFO = NO;
				SDKROOT = iphoneos;
				VALIDATE_PRODUCT = YES;
			};
			name = Release;
		};
/* End XCBuildConfiguration section */

/* Begin XCConfigurationList section */
		13B07F931A680F5B00A75B9A /* Build configuration list for PBXNativeTarget "TrackerApp" */ = {
			isa = XCConfigurationList;
			buildConfigurations = (
				13B07F941A680F5B00A75B9A /* Debug */,
				13B07F951A680F5B00A75B9A /* Release */,
			);
			defaultConfigurationIsVisible = 0;
			defaultConfigurationName = Release;
		};
		83CBB9FA1A601CBA00E9B192 /* Build configuration list for PBXProject "TrackerApp" */ = {
			isa = XCConfigurationList;
			buildConfigurations = (
				83CBBA201A601CBA00E9B192 /* Debug */,
				83CBBA211A601CBA00E9B192 /* Release */,
			);
			defaultConfigurationIsVisible = 0;
			defaultConfigurationName = Release;
		};
/* End XCConfigurationList section */
	};
	rootObject = 83CBB9F71A601CBA00E9B192 /* Project object */;
}
